# THIS IS AN AUTOGENERATED FILE. DO NOT EDIT THIS FILE DIRECTLY.
# yarn lockfile v1


miniprogram-table-component@^1.1.0:
  version "1.1.0"
  resolved "https://registry.npmmirror.com/miniprogram-table-component/-/miniprogram-table-component-1.1.0.tgz#85f48dcf40fa00851496b3586a406d49f46f179f"
  integrity sha512-TRgo+2ouPqPI42EcXUM/5BndZAueWtk0v2tDmImujYPtmFWiQT/lmgL9TgUFWowfoFM5HsKrLqagIrMKXj9bRw==
